lockfileVersion: 5.4

specifiers:
  prettier: ^2.7.1
  prettier-config-atomic: ^3.0.10
  prettier-plugin-astro: ^0.5.4

devDependencies:
  prettier: 2.7.1
  prettier-config-atomic: 3.0.10
  prettier-plugin-astro: 0.5.4

packages:
  /@astrojs/compiler/0.23.4:
    resolution:
      {
        integrity: sha512-vNZIa5Tf5nOqBEGJvM6xyYBnGcz4MAp+bBPnyVI0UYRjsIWlP7RgMdCpRV0OOh5kgh00BoAypGv27kcoJCMVfA==,
      }
    dev: true

  /@nodelib/fs.scandir/2.1.5:
    resolution:
      {
        integrity: sha512-vq24Bq3ym5HEQm2NKCr3yXDwjc7vTsEThRDnkp2DK9p1uqLR+DHurm/NOTo0KG7HYHU7eppKZj3MyqYuMBf62g==,
      }
    engines: { node: ">= 8" }
    dependencies:
      "@nodelib/fs.stat": 2.0.5
      run-parallel: 1.2.0
    dev: true

  /@nodelib/fs.stat/2.0.5:
    resolution:
      {
        integrity: sha512-RkhPPp2zrqDAQA/2jNhnztcPAlv64XdhIp7a7454A5ovI7Bukxgt7MX7udwAu3zg1DcpPU0rz3VV1SeaqvY4+A==,
      }
    engines: { node: ">= 8" }
    dev: true

  /@nodelib/fs.walk/1.2.8:
    resolution:
      {
        integrity: sha512-oGB+UxlgWcgQkgwo8GcEGwemoTFt3FIO9ababBmaGwXIoBKZ+GTy0pP185beGg7Llih/NSHSV2XAs1lnznocSg==,
      }
    engines: { node: ">= 8" }
    dependencies:
      "@nodelib/fs.scandir": 2.1.5
      fastq: 1.13.0
    dev: true

  /@pkgr/utils/2.3.1:
    resolution:
      {
        integrity: sha512-wfzX8kc1PMyUILA+1Z/EqoE4UCXGy0iRGMhPwdfae1+f0OXlLqCk+By+aMzgJBzR9AzS4CDizioG6Ss1gvAFJw==,
      }
    engines: { node: ^12.20.0 || ^14.18.0 || >=16.0.0 }
    dependencies:
      cross-spawn: 7.0.3
      is-glob: 4.0.3
      open: 8.4.0
      picocolors: 1.0.0
      tiny-glob: 0.2.9
      tslib: 2.4.0
    dev: true

  /@types/debug/4.1.7:
    resolution:
      {
        integrity: sha512-9AonUzyTjXXhEOa0DnqpzZi6VHlqKMswga9EXjpXnnqxwLtdvPPtlO8evrI5D9S6asFRCQ6v+wpiUKbw+vKqyg==,
      }
    dependencies:
      "@types/ms": 0.7.31
    dev: true

  /@types/glob/7.2.0:
    resolution:
      {
        integrity: sha512-ZUxbzKl0IfJILTS6t7ip5fQQM/J3TJYubDm3nMbgubNNYS62eXeUpoLUC8/7fJNiFYHTrGPQn7hspDUzIHX3UA==,
      }
    dependencies:
      "@types/minimatch": 5.1.2
      "@types/node": 18.7.14
    dev: true

  /@types/mdast/3.0.10:
    resolution:
      {
        integrity: sha512-W864tg/Osz1+9f4lrGTZpCSO5/z4608eUp19tbozkq2HJK6i3z1kT0H9tlADXuYIb1YYOBByU4Jsqkk75q48qA==,
      }
    dependencies:
      "@types/unist": 2.0.6
    dev: true

  /@types/minimatch/5.1.2:
    resolution:
      {
        integrity: sha512-K0VQKziLUWkVKiRVrx4a40iPaxTUefQmjtkQofBkYRcoaaL/8rhwDWww9qWbrgicNOgnpIsMxyNIUM4+n6dUIA==,
      }
    dev: true

  /@types/ms/0.7.31:
    resolution:
      {
        integrity: sha512-iiUgKzV9AuaEkZqkOLDIvlQiL6ltuZd9tGcW3gwpnX8JbuiuhFlEGmmFXEXkN50Cvq7Os88IY2v0dkDqXYWVgA==,
      }
    dev: true

  /@types/node/18.7.14:
    resolution:
      {
        integrity: sha512-6bbDaETVi8oyIARulOE9qF1/Qdi/23z6emrUh0fNJRUmjznqrixD4MpGDdgOFk5Xb0m2H6Xu42JGdvAxaJR/wA==,
      }
    dev: true

  /@types/unist/2.0.6:
    resolution:
      {
        integrity: sha512-PBjIUxZHOuj0R15/xuwJYjFi+KZdNFrehocChv4g5hu6aFroHue8m0lBP0POdK2nKzbw0cgV1mws8+V/JAcEkQ==,
      }
    dev: true

  /array-union/2.1.0:
    resolution:
      {
        integrity: sha512-HGyxoOTYUyCM6stUe6EJgnd4EoewAI7zMdfqO+kGjnlZmBDz/cR5pf8r/cR4Wq60sL/p0IkcjUEEPwS3GFrIyw==,
      }
    engines: { node: ">=8" }
    dev: true

  /balanced-match/1.0.2:
    resolution:
      {
        integrity: sha512-3oSeUO0TMV67hN1AmbXsK4yaqU7tjiHlbxRDZOpH0KW9+CeX4bRAaX0Anxt0tx2MrpRpWwQaPwIlISEJhYU5Pw==,
      }
    dev: true

  /binary-searching/2.0.5:
    resolution:
      {
        integrity: sha512-v4N2l3RxL+m4zDxyxz3Ne2aTmiPn8ZUpKFpdPtO+ItW1NcTCXA7JeHG5GMBSvoKSkQZ9ycS+EouDVxYB9ufKWA==,
      }
    dev: true

  /brace-expansion/1.1.11:
    resolution:
      {
        integrity: sha512-iCuPHDFgrHX7H2vEI/5xpz07zSHB00TpugqhmYtVmMO6518mCuRMoOYFldEBl0g187ufozdaHgWKcYFb61qGiA==,
      }
    dependencies:
      balanced-match: 1.0.2
      concat-map: 0.0.1
    dev: true

  /braces/3.0.2:
    resolution:
      {
        integrity: sha512-b8um+L1RzM3WDSzvhm6gIz1yfTbBt6YTlcEKAvsmqCZZFw46z626lVj9j1yEPW33H5H+lBQpZMP1k8l+78Ha0A==,
      }
    engines: { node: ">=8" }
    dependencies:
      fill-range: 7.0.1
    dev: true

  /character-entities/2.0.2:
    resolution:
      {
        integrity: sha512-shx7oQ0Awen/BRIdkjkvz54PnEEI/EjwXDSIZp86/KKdbafHh1Df/RYGBhn4hbe2+uKC9FnT5UCEdyPz3ai9hQ==,
      }
    dev: true

  /comment-parser/1.3.1:
    resolution:
      {
        integrity: sha512-B52sN2VNghyq5ofvUsqZjmk6YkihBX5vMSChmSK9v4ShjKf3Vk5Xcmgpw4o+iIgtrnM/u5FiMpz9VKb8lpBveA==,
      }
    engines: { node: ">= 12.0.0" }
    dev: true

  /concat-map/0.0.1:
    resolution: { integrity: sha1-2Klr13/Wjfd5OnMDajug1UBdR3s= }
    dev: true

  /cross-spawn/7.0.3:
    resolution:
      {
        integrity: sha512-iRDPJKUPVEND7dHPO8rkbOnPpyDygcDFtWjpeWNCgy8WP2rXcxXL8TskReQl6OrB2G7+UJrags1q15Fudc7G6w==,
      }
    engines: { node: ">= 8" }
    dependencies:
      path-key: 3.1.1
      shebang-command: 2.0.0
      which: 2.0.2
    dev: true

  /debug/4.3.4:
    resolution:
      {
        integrity: sha512-PRWFHuSU3eDtQJPvnNY7Jcket1j0t5OuOsFzPPzsekD52Zl8qUfFIPEiswXqIvHWGVHOgX+7G/vCNNhehwxfkQ==,
      }
    engines: { node: ">=6.0" }
    peerDependencies:
      supports-color: "*"
    peerDependenciesMeta:
      supports-color:
        optional: true
    dependencies:
      ms: 2.1.2
    dev: true

  /decode-named-character-reference/1.0.2:
    resolution:
      {
        integrity: sha512-O8x12RzrUF8xyVcY0KJowWsmaJxQbmy0/EtnNtHRpsOcT7dFk5W598coHqBVpmWo1oQQfsCqfCmkZN5DJrZVdg==,
      }
    dependencies:
      character-entities: 2.0.2
    dev: true

  /define-lazy-prop/2.0.0:
    resolution:
      {
        integrity: sha512-Ds09qNh8yw3khSjiJjiUInaGX9xlqZDY7JVryGxdxV7NPeuqQfplOpQ66yJFZut3jLa5zOwkXw1g9EI2uKh4Og==,
      }
    engines: { node: ">=8" }
    dev: true

  /dequal/2.0.3:
    resolution:
      {
        integrity: sha512-0je+qPKHEMohvfRTCEo3CrPG6cAzAYgmzKyxRiYSSDkS6eGJdyVJm7WaYA5ECaAD9wLB2T4EEeymA5aFVcYXCA==,
      }
    engines: { node: ">=6" }
    dev: true

  /detect-indent/6.1.0:
    resolution:
      {
        integrity: sha512-reYkTUJAZb9gUuZ2RvVCNhVHdg62RHnJ7WJl8ftMi4diZ6NWlciOzQN88pUhSELEwflJht4oQDv0F0BMlwaYtA==,
      }
    engines: { node: ">=8" }
    dev: true

  /detect-newline/3.1.0:
    resolution:
      {
        integrity: sha512-TLz+x/vEXm/Y7P7wn1EJFNLxYpUD4TgMosxY6fAVJUnJMbupHBOncxyWUG9OpTaH9EBD7uFI5LfEgmMOc54DsA==,
      }
    engines: { node: ">=8" }
    dev: true

  /diff/5.1.0:
    resolution:
      {
        integrity: sha512-D+mk+qE8VC/PAUrlAU34N+VfXev0ghe5ywmpqrawphmVZc1bEfn56uo9qpyGp1p4xpzOHkSW4ztBd6L7Xx4ACw==,
      }
    engines: { node: ">=0.3.1" }
    dev: true

  /dir-glob/3.0.1:
    resolution:
      {
        integrity: sha512-WkrWp9GR4KXfKGYzOLmTuGVi1UWFfws377n9cc55/tb6DuqyF6pcQ5AbiHEshaDpY9v6oaSr2XCDidGmMwdzIA==,
      }
    engines: { node: ">=8" }
    dependencies:
      path-type: 4.0.0
    dev: true

  /fast-glob/3.2.11:
    resolution:
      {
        integrity: sha512-xrO3+1bxSo3ZVHAnqzyuewYT6aMFHRAd4Kcs92MAonjwQZLsK9d0SF1IyQ3k5PoirxTW0Oe/RqFgMQ6TcNE5Ew==,
      }
    engines: { node: ">=8.6.0" }
    dependencies:
      "@nodelib/fs.stat": 2.0.5
      "@nodelib/fs.walk": 1.2.8
      glob-parent: 5.1.2
      merge2: 1.4.1
      micromatch: 4.0.5
    dev: true

  /fastq/1.13.0:
    resolution:
      {
        integrity: sha512-YpkpUnK8od0o1hmeSc7UUs/eB/vIPWJYjKck2QKIzAf71Vm1AAQ3EbuZB3g2JIy+pg+ERD0vqI79KyZiB2e2Nw==,
      }
    dependencies:
      reusify: 1.0.4
    dev: true

  /fill-range/7.0.1:
    resolution:
      {
        integrity: sha512-qOo9F+dMUmC2Lcb4BbVvnKJxTPjCm+RRpe4gDuGrzkL7mEVl/djYSu2OdQ2Pa302N4oqkSg9ir6jaLWJ2USVpQ==,
      }
    engines: { node: ">=8" }
    dependencies:
      to-regex-range: 5.0.1
    dev: true

  /fs.realpath/1.0.0:
    resolution:
      {
        integrity: sha512-OO0pH2lK6a0hZnAdau5ItzHPI6pUlvI7jMVnxUQRtw4owF2wk8lOSabtGDCTP4Ggrg2MbGnWO9X8K1t4+fGMDw==,
      }
    dev: true

  /git-hooks-list/1.0.3:
    resolution:
      {
        integrity: sha512-Y7wLWcrLUXwk2noSka166byGCvhMtDRpgHdzCno1UQv/n/Hegp++a2xBWJL1lJarnKD3SWaljD+0z1ztqxuKyQ==,
      }
    dev: true

  /glob-parent/5.1.2:
    resolution:
      {
        integrity: sha512-AOIgSQCepiJYwP3ARnGx+5VnTu2HBYdzbGP45eLw1vr3zB3vZLeyed1sC9hnbcOc9/SrMyM5RPQrkGz4aS9Zow==,
      }
    engines: { node: ">= 6" }
    dependencies:
      is-glob: 4.0.3
    dev: true

  /glob/7.2.3:
    resolution:
      {
        integrity: sha512-nFR0zLpU2YCaRxwoCJvL6UvCH2JFyFVIvwTLsIf21AuHlMskA1hhTdk+LlYJtOlYt9v6dvszD2BGRqBL+iQK9Q==,
      }
    dependencies:
      fs.realpath: 1.0.0
      inflight: 1.0.6
      inherits: 2.0.4
      minimatch: 3.1.2
      once: 1.4.0
      path-is-absolute: 1.0.1
    dev: true

  /globalyzer/0.1.0:
    resolution:
      {
        integrity: sha512-40oNTM9UfG6aBmuKxk/giHn5nQ8RVz/SS4Ir6zgzOv9/qC3kKZ9v4etGTcJbEl/NyVQH7FGU7d+X1egr57Md2Q==,
      }
    dev: true

  /globby/10.0.0:
    resolution:
      {
        integrity: sha512-3LifW9M4joGZasyYPz2A1U74zbC/45fvpXUvO/9KbSa+VV0aGZarWkfdgKyR9sExNP0t0x0ss/UMJpNpcaTspw==,
      }
    engines: { node: ">=8" }
    dependencies:
      "@types/glob": 7.2.0
      array-union: 2.1.0
      dir-glob: 3.0.1
      fast-glob: 3.2.11
      glob: 7.2.3
      ignore: 5.2.0
      merge2: 1.4.1
      slash: 3.0.0
    dev: true

  /globrex/0.1.2:
    resolution:
      {
        integrity: sha512-uHJgbwAMwNFf5mLst7IWLNg14x1CkeqglJb/K3doi4dw6q2IvAAmM/Y81kevy83wP+Sst+nutFTYOGg3d1lsxg==,
      }
    dev: true

  /ignore/5.2.0:
    resolution:
      {
        integrity: sha512-CmxgYGiEPCLhfLnpPp1MoRmifwEIOgjcHXxOBjv7mY96c+eWScsOP9c112ZyLdWHi0FxHjI+4uVhKYp/gcdRmQ==,
      }
    engines: { node: ">= 4" }
    dev: true

  /inflight/1.0.6:
    resolution:
      {
        integrity: sha512-k92I/b08q4wvFscXCLvqfsHCrjrF7yiXsQuIVvVE7N82W3+aqpzuUdBbfhWcy/FZR3/4IgflMgKLOsvPDrGCJA==,
      }
    dependencies:
      once: 1.4.0
      wrappy: 1.0.2
    dev: true

  /inherits/2.0.4:
    resolution:
      {
        integrity: sha512-k/vGaX4/Yla3WzyMCvTQOXYeIHvqOKtnqBduzTHpzpQZzAskKMhZ2K+EnBiSM9zGSoIFeMpXKxa4dYeZIQqewQ==,
      }
    dev: true

  /is-docker/2.2.1:
    resolution:
      {
        integrity: sha512-F+i2BKsFrH66iaUFc0woD8sLy8getkwTwtOBjvs56Cx4CgJDeKQeqfz8wAYiSb8JOprWhHH5p77PbmYCvvUuXQ==,
      }
    engines: { node: ">=8" }
    hasBin: true
    dev: true

  /is-extglob/2.1.1:
    resolution:
      {
        integrity: sha512-SbKbANkN603Vi4jEZv49LeVJMn4yGwsbzZworEoyEiutsN3nJYdbO36zfhGJ6QEDpOZIFkDtnq5JRxmvl3jsoQ==,
      }
    engines: { node: ">=0.10.0" }
    dev: true

  /is-glob/4.0.3:
    resolution:
      {
        integrity: sha512-xelSayHH36ZgE7ZWhli7pW34hNbNl8Ojv5KVmkJD4hBdD3th8Tfk9vYasLM+mXWOZhFkgZfxhLSnrwRr4elSSg==,
      }
    engines: { node: ">=0.10.0" }
    dependencies:
      is-extglob: 2.1.1
    dev: true

  /is-number/7.0.0:
    resolution:
      {
        integrity: sha512-41Cifkg6e8TylSpdtTpeLVMqvSBEVzTttHvERD741+pnZ8ANv0004MRL43QKPDlK9cGvNp6NZWZUBlbGXYxxng==,
      }
    engines: { node: ">=0.12.0" }
    dev: true

  /is-plain-obj/2.1.0:
    resolution:
      {
        integrity: sha512-YWnfyRwxL/+SsrWYfOpUtz5b3YD+nyfkHvjbcanzk8zgyO4ASD67uVMRt8k5bM4lLMDnXfriRhOpemw+NfT1eA==,
      }
    engines: { node: ">=8" }
    dev: true

  /is-wsl/2.2.0:
    resolution:
      {
        integrity: sha512-fKzAra0rGJUUBwGBgNkHZuToZcn+TtXHpeCgmkMJMMYx1sQDYaCSyjJBSCa2nH1DGm7s3n1oBnohoVTBaN7Lww==,
      }
    engines: { node: ">=8" }
    dependencies:
      is-docker: 2.2.1
    dev: true

  /isexe/2.0.0:
    resolution:
      {
        integrity: sha512-RHxMLp9lnKHGHRng9QFhRCMbYAcVpn69smSGcq3f36xjgVVWThj4qqLbTLlq7Ssj8B+fIQ1EuCEGI2lKsyQeIw==,
      }
    dev: true

  /kleur/4.1.5:
    resolution:
      {
        integrity: sha512-o+NO+8WrRiQEE4/7nwRJhN1HWpVmJm511pBHUxPLtp0BUISzlBplORYSmTclCnJvQq2tKu/sgl3xVpkc7ZWuQQ==,
      }
    engines: { node: ">=6" }
    dev: true

  /mdast-util-from-markdown/1.2.0:
    resolution:
      {
        integrity: sha512-iZJyyvKD1+K7QX1b5jXdE7Sc5dtoTry1vzV28UZZe8Z1xVnB/czKntJ7ZAkG0tANqRnBF6p3p7GpU1y19DTf2Q==,
      }
    dependencies:
      "@types/mdast": 3.0.10
      "@types/unist": 2.0.6
      decode-named-character-reference: 1.0.2
      mdast-util-to-string: 3.1.0
      micromark: 3.0.10
      micromark-util-decode-numeric-character-reference: 1.0.0
      micromark-util-decode-string: 1.0.2
      micromark-util-normalize-identifier: 1.0.0
      micromark-util-symbol: 1.0.1
      micromark-util-types: 1.0.2
      unist-util-stringify-position: 3.0.2
      uvu: 0.5.6
    transitivePeerDependencies:
      - supports-color
    dev: true

  /mdast-util-to-string/3.1.0:
    resolution:
      {
        integrity: sha512-n4Vypz/DZgwo0iMHLQL49dJzlp7YtAJP+N07MZHpjPf/5XJuHUWstviF4Mn2jEiR/GNmtnRRqnwsXExk3igfFA==,
      }
    dev: true

  /merge2/1.4.1:
    resolution:
      {
        integrity: sha512-8q7VEgMJW4J8tcfVPy8g09NcQwZdbwFEqhe/WZkoIzjn/3TGDwtOCYtXGxA3O8tPzpczCCDgv+P2P5y00ZJOOg==,
      }
    engines: { node: ">= 8" }
    dev: true

  /micromark-core-commonmark/1.0.6:
    resolution:
      {
        integrity: sha512-K+PkJTxqjFfSNkfAhp4GB+cZPfQd6dxtTXnf+RjZOV7T4EEXnvgzOcnp+eSTmpGk9d1S9sL6/lqrgSNn/s0HZA==,
      }
    dependencies:
      decode-named-character-reference: 1.0.2
      micromark-factory-destination: 1.0.0
      micromark-factory-label: 1.0.2
      micromark-factory-space: 1.0.0
      micromark-factory-title: 1.0.2
      micromark-factory-whitespace: 1.0.0
      micromark-util-character: 1.1.0
      micromark-util-chunked: 1.0.0
      micromark-util-classify-character: 1.0.0
      micromark-util-html-tag-name: 1.1.0
      micromark-util-normalize-identifier: 1.0.0
      micromark-util-resolve-all: 1.0.0
      micromark-util-subtokenize: 1.0.2
      micromark-util-symbol: 1.0.1
      micromark-util-types: 1.0.2
      uvu: 0.5.6
    dev: true

  /micromark-factory-destination/1.0.0:
    resolution:
      {
        integrity: sha512-eUBA7Rs1/xtTVun9TmV3gjfPz2wEwgK5R5xcbIM5ZYAtvGF6JkyaDsj0agx8urXnO31tEO6Ug83iVH3tdedLnw==,
      }
    dependencies:
      micromark-util-character: 1.1.0
      micromark-util-symbol: 1.0.1
      micromark-util-types: 1.0.2
    dev: true

  /micromark-factory-label/1.0.2:
    resolution:
      {
        integrity: sha512-CTIwxlOnU7dEshXDQ+dsr2n+yxpP0+fn271pu0bwDIS8uqfFcumXpj5mLn3hSC8iw2MUr6Gx8EcKng1dD7i6hg==,
      }
    dependencies:
      micromark-util-character: 1.1.0
      micromark-util-symbol: 1.0.1
      micromark-util-types: 1.0.2
      uvu: 0.5.6
    dev: true

  /micromark-factory-space/1.0.0:
    resolution:
      {
        integrity: sha512-qUmqs4kj9a5yBnk3JMLyjtWYN6Mzfcx8uJfi5XAveBniDevmZasdGBba5b4QsvRcAkmvGo5ACmSUmyGiKTLZew==,
      }
    dependencies:
      micromark-util-character: 1.1.0
      micromark-util-types: 1.0.2
    dev: true

  /micromark-factory-title/1.0.2:
    resolution:
      {
        integrity: sha512-zily+Nr4yFqgMGRKLpTVsNl5L4PMu485fGFDOQJQBl2NFpjGte1e86zC0da93wf97jrc4+2G2GQudFMHn3IX+A==,
      }
    dependencies:
      micromark-factory-space: 1.0.0
      micromark-util-character: 1.1.0
      micromark-util-symbol: 1.0.1
      micromark-util-types: 1.0.2
      uvu: 0.5.6
    dev: true

  /micromark-factory-whitespace/1.0.0:
    resolution:
      {
        integrity: sha512-Qx7uEyahU1lt1RnsECBiuEbfr9INjQTGa6Err+gF3g0Tx4YEviPbqqGKNv/NrBaE7dVHdn1bVZKM/n5I/Bak7A==,
      }
    dependencies:
      micromark-factory-space: 1.0.0
      micromark-util-character: 1.1.0
      micromark-util-symbol: 1.0.1
      micromark-util-types: 1.0.2
    dev: true

  /micromark-util-character/1.1.0:
    resolution:
      {
        integrity: sha512-agJ5B3unGNJ9rJvADMJ5ZiYjBRyDpzKAOk01Kpi1TKhlT1APx3XZk6eN7RtSz1erbWHC2L8T3xLZ81wdtGRZzg==,
      }
    dependencies:
      micromark-util-symbol: 1.0.1
      micromark-util-types: 1.0.2
    dev: true

  /micromark-util-chunked/1.0.0:
    resolution:
      {
        integrity: sha512-5e8xTis5tEZKgesfbQMKRCyzvffRRUX+lK/y+DvsMFdabAicPkkZV6gO+FEWi9RfuKKoxxPwNL+dFF0SMImc1g==,
      }
    dependencies:
      micromark-util-symbol: 1.0.1
    dev: true

  /micromark-util-classify-character/1.0.0:
    resolution:
      {
        integrity: sha512-F8oW2KKrQRb3vS5ud5HIqBVkCqQi224Nm55o5wYLzY/9PwHGXC01tr3d7+TqHHz6zrKQ72Okwtvm/xQm6OVNZA==,
      }
    dependencies:
      micromark-util-character: 1.1.0
      micromark-util-symbol: 1.0.1
      micromark-util-types: 1.0.2
    dev: true

  /micromark-util-combine-extensions/1.0.0:
    resolution:
      {
        integrity: sha512-J8H058vFBdo/6+AsjHp2NF7AJ02SZtWaVUjsayNFeAiydTxUwViQPxN0Hf8dp4FmCQi0UUFovFsEyRSUmFH3MA==,
      }
    dependencies:
      micromark-util-chunked: 1.0.0
      micromark-util-types: 1.0.2
    dev: true

  /micromark-util-decode-numeric-character-reference/1.0.0:
    resolution:
      {
        integrity: sha512-OzO9AI5VUtrTD7KSdagf4MWgHMtET17Ua1fIpXTpuhclCqD8egFWo85GxSGvxgkGS74bEahvtM0WP0HjvV0e4w==,
      }
    dependencies:
      micromark-util-symbol: 1.0.1
    dev: true

  /micromark-util-decode-string/1.0.2:
    resolution:
      {
        integrity: sha512-DLT5Ho02qr6QWVNYbRZ3RYOSSWWFuH3tJexd3dgN1odEuPNxCngTCXJum7+ViRAd9BbdxCvMToPOD/IvVhzG6Q==,
      }
    dependencies:
      decode-named-character-reference: 1.0.2
      micromark-util-character: 1.1.0
      micromark-util-decode-numeric-character-reference: 1.0.0
      micromark-util-symbol: 1.0.1
    dev: true

  /micromark-util-encode/1.0.1:
    resolution:
      {
        integrity: sha512-U2s5YdnAYexjKDel31SVMPbfi+eF8y1U4pfiRW/Y8EFVCy/vgxk/2wWTxzcqE71LHtCuCzlBDRU2a5CQ5j+mQA==,
      }
    dev: true

  /micromark-util-html-tag-name/1.1.0:
    resolution:
      {
        integrity: sha512-BKlClMmYROy9UiV03SwNmckkjn8QHVaWkqoAqzivabvdGcwNGMMMH/5szAnywmsTBUzDsU57/mFi0sp4BQO6dA==,
      }
    dev: true

  /micromark-util-normalize-identifier/1.0.0:
    resolution:
      {
        integrity: sha512-yg+zrL14bBTFrQ7n35CmByWUTFsgst5JhA4gJYoty4Dqzj4Z4Fr/DHekSS5aLfH9bdlfnSvKAWsAgJhIbogyBg==,
      }
    dependencies:
      micromark-util-symbol: 1.0.1
    dev: true

  /micromark-util-resolve-all/1.0.0:
    resolution:
      {
        integrity: sha512-CB/AGk98u50k42kvgaMM94wzBqozSzDDaonKU7P7jwQIuH2RU0TeBqGYJz2WY1UdihhjweivStrJ2JdkdEmcfw==,
      }
    dependencies:
      micromark-util-types: 1.0.2
    dev: true

  /micromark-util-sanitize-uri/1.0.0:
    resolution:
      {
        integrity: sha512-cCxvBKlmac4rxCGx6ejlIviRaMKZc0fWm5HdCHEeDWRSkn44l6NdYVRyU+0nT1XC72EQJMZV8IPHF+jTr56lAg==,
      }
    dependencies:
      micromark-util-character: 1.1.0
      micromark-util-encode: 1.0.1
      micromark-util-symbol: 1.0.1
    dev: true

  /micromark-util-subtokenize/1.0.2:
    resolution:
      {
        integrity: sha512-d90uqCnXp/cy4G881Ub4psE57Sf8YD0pim9QdjCRNjfas2M1u6Lbt+XZK9gnHL2XFhnozZiEdCa9CNfXSfQ6xA==,
      }
    dependencies:
      micromark-util-chunked: 1.0.0
      micromark-util-symbol: 1.0.1
      micromark-util-types: 1.0.2
      uvu: 0.5.6
    dev: true

  /micromark-util-symbol/1.0.1:
    resolution:
      {
        integrity: sha512-oKDEMK2u5qqAptasDAwWDXq0tG9AssVwAx3E9bBF3t/shRIGsWIRG+cGafs2p/SnDSOecnt6hZPCE2o6lHfFmQ==,
      }
    dev: true

  /micromark-util-types/1.0.2:
    resolution:
      {
        integrity: sha512-DCfg/T8fcrhrRKTPjRrw/5LLvdGV7BHySf/1LOZx7TzWZdYRjogNtyNq885z3nNallwr3QUKARjqvHqX1/7t+w==,
      }
    dev: true

  /micromark/3.0.10:
    resolution:
      {
        integrity: sha512-ryTDy6UUunOXy2HPjelppgJ2sNfcPz1pLlMdA6Rz9jPzhLikWXv/irpWV/I2jd68Uhmny7hHxAlAhk4+vWggpg==,
      }
    dependencies:
      "@types/debug": 4.1.7
      debug: 4.3.4
      decode-named-character-reference: 1.0.2
      micromark-core-commonmark: 1.0.6
      micromark-factory-space: 1.0.0
      micromark-util-character: 1.1.0
      micromark-util-chunked: 1.0.0
      micromark-util-combine-extensions: 1.0.0
      micromark-util-decode-numeric-character-reference: 1.0.0
      micromark-util-encode: 1.0.1
      micromark-util-normalize-identifier: 1.0.0
      micromark-util-resolve-all: 1.0.0
      micromark-util-sanitize-uri: 1.0.0
      micromark-util-subtokenize: 1.0.2
      micromark-util-symbol: 1.0.1
      micromark-util-types: 1.0.2
      uvu: 0.5.6
    transitivePeerDependencies:
      - supports-color
    dev: true

  /micromatch/4.0.5:
    resolution:
      {
        integrity: sha512-DMy+ERcEW2q8Z2Po+WNXuw3c5YaUSFjAO5GsJqfEl7UjvtIuFKO6ZrKvcItdy98dwFI2N1tg3zNIdKaQT+aNdA==,
      }
    engines: { node: ">=8.6" }
    dependencies:
      braces: 3.0.2
      picomatch: 2.3.1
    dev: true

  /minimatch/3.1.2:
    resolution:
      {
        integrity: sha512-J7p63hRiAjw1NDEww1W7i37+ByIrOWO5XQQAzZ3VOcL0PNybwpfmV/N05zFAzwQ9USyEcX6t3UO+K5aqBQOIHw==,
      }
    dependencies:
      brace-expansion: 1.1.11
    dev: true

  /mri/1.2.0:
    resolution:
      {
        integrity: sha512-tzzskb3bG8LvYGFF/mDTpq3jpI6Q9wc3LEmBaghu+DdCssd1FakN7Bc0hVNmEyGq1bq3RgfkCb3cmQLpNPOroA==,
      }
    engines: { node: ">=4" }
    dev: true

  /ms/2.1.2:
    resolution:
      {
        integrity: sha512-sGkPx+VjMtmA6MX27oA4FBFELFCZZ4S4XqeGOXCv68tT+jb3vk/RyaKWP0PTKyWtmLSM0b+adUTEvbs1PEaH2w==,
      }
    dev: true

  /once/1.4.0:
    resolution:
      {
        integrity: sha512-lNaJgI+2Q5URQBkccEKHTQOPaXdUxnZZElQTZY0MFUAuaEqe1E+Nyvgdz/aIyNi6Z9MzO5dv1H8n58/GELp3+w==,
      }
    dependencies:
      wrappy: 1.0.2
    dev: true

  /open/8.4.0:
    resolution:
      {
        integrity: sha512-XgFPPM+B28FtCCgSb9I+s9szOC1vZRSwgWsRUA5ylIxRTgKozqjOCrVOqGsYABPYK5qnfqClxZTFBa8PKt2v6Q==,
      }
    engines: { node: ">=12" }
    dependencies:
      define-lazy-prop: 2.0.0
      is-docker: 2.2.1
      is-wsl: 2.2.0
    dev: true

  /path-is-absolute/1.0.1:
    resolution:
      {
        integrity: sha512-AVbw3UJ2e9bq64vSaS9Am0fje1Pa8pbGqTTsmXfaIiMpnr5DlDhfJOuLj9Sf95ZPVDAUerDfEk88MPmPe7UCQg==,
      }
    engines: { node: ">=0.10.0" }
    dev: true

  /path-key/3.1.1:
    resolution:
      {
        integrity: sha512-ojmeN0qd+y0jszEtoY48r0Peq5dwMEkIlCOu6Q5f41lfkswXuKtYrhgoTpLnyIcHm24Uhqx+5Tqm2InSwLhE6Q==,
      }
    engines: { node: ">=8" }
    dev: true

  /path-type/4.0.0:
    resolution:
      {
        integrity: sha512-gDKb8aZMDeD/tZWs9P6+q0J9Mwkdl6xMV8TjnGP3qJVJ06bdMgkbBlLU8IdfOsIsFz2BW1rNVT3XuNEl8zPAvw==,
      }
    engines: { node: ">=8" }
    dev: true

  /picocolors/1.0.0:
    resolution:
      {
        integrity: sha512-1fygroTLlHu66zi26VoTDv8yRgm0Fccecssto+MhsZ0D/DGW2sm8E8AjW7NU5VVTRt5GxbeZ5qBuJr+HyLYkjQ==,
      }
    dev: true

  /picomatch/2.3.1:
    resolution:
      {
        integrity: sha512-JU3teHTNjmE2VCGFzuY8EXzCDVwEqB2a8fsIvwaStHhAWJEeVd1o1QD80CU6+ZdEXXSLbSsuLwJjkCBWqRQUVA==,
      }
    engines: { node: ">=8.6" }
    dev: true

  /prettier-config-atomic/3.0.10:
    resolution:
      {
        integrity: sha512-W3OO32/gTYbAPRXAzlyH4f6wRTi8Zx1kKRFrp9zmV3ZNsq+mhAZJgPq1hj3ZAj/6SsVPJ0yFF65OMA1pfpMMlQ==,
      }
    dependencies:
      prettier: 2.7.1
      prettier-plugin-jsdoc: 0.3.38_prettier@2.7.1
      prettier-plugin-packagejson: 2.2.18_prettier@2.7.1
      sort-package-json: github.com/aminya/sort-package-json/076051b58be7b198732d1ce2b9a415ccd0c63a97
    transitivePeerDependencies:
      - supports-color
    dev: true

  /prettier-plugin-astro/0.5.4:
    resolution:
      {
        integrity: sha512-ILs/WgUYtKBOn3Zh217/PwjCFtUWEKQjcCFJDevri0hGEBwEnnda9aqSLL0/nhCOmQn/UE7M9zLQvThu970ZHw==,
      }
    engines: { node: ^14.15.0 || >=16.0.0, npm: ">=6.14.0" }
    dependencies:
      "@astrojs/compiler": 0.23.4
      prettier: 2.7.1
      sass-formatter: 0.7.5
      synckit: 0.7.3
    dev: true

  /prettier-plugin-jsdoc/0.3.38_prettier@2.7.1:
    resolution:
      {
        integrity: sha512-h81ZV/nFk5gr3fzWMWzWoz/M/8FneAZxscT7DVSy+5jMIuWYnBFZfSswVKYZyTaZ5r6+6k4hpFTDWhRp85C1tg==,
      }
    engines: { node: ">=12.0.0" }
    peerDependencies:
      prettier: ">=2.1.2"
    dependencies:
      binary-searching: 2.0.5
      comment-parser: 1.3.1
      mdast-util-from-markdown: 1.2.0
      prettier: 2.7.1
    transitivePeerDependencies:
      - supports-color
    dev: true

  /prettier-plugin-packagejson/2.2.18_prettier@2.7.1:
    resolution:
      {
        integrity: sha512-iBjQ3IY6IayFrQHhXvg+YvKprPUUiIJ04Vr9+EbeQPfwGajznArIqrN33c5bi4JcIvmLHGROIMOm9aYakJj/CA==,
      }
    peerDependencies:
      prettier: ">= 1.16.0"
    dependencies:
      prettier: 2.7.1
      sort-package-json: 1.57.0
    dev: true

  /prettier/2.7.1:
    resolution:
      {
        integrity: sha512-ujppO+MkdPqoVINuDFDRLClm7D78qbDt0/NR+wp5FqEZOoTNAjPHWj17QRhu7geIHJfcNhRk1XVQmF8Bp3ye+g==,
      }
    engines: { node: ">=10.13.0" }
    hasBin: true
    dev: true

  /queue-microtask/1.2.3:
    resolution:
      {
        integrity: sha512-NuaNSa6flKT5JaSYQzJok04JzTL1CA6aGhv5rfLW3PgqA+M2ChpZQnAC8h8i4ZFkBS8X5RqkDBHA7r4hej3K9A==,
      }
    dev: true

  /reusify/1.0.4:
    resolution:
      {
        integrity: sha512-U9nH88a3fc/ekCF1l0/UP1IosiuIjyTh7hBvXVMHYgVcfGvt897Xguj2UOLDeI5BG2m7/uwyaLVT6fbtCwTyzw==,
      }
    engines: { iojs: ">=1.0.0", node: ">=0.10.0" }
    dev: true

  /run-parallel/1.2.0:
    resolution:
      {
        integrity: sha512-5l4VyZR86LZ/lDxZTR6jqL8AFE2S0IFLMP26AbjsLVADxHdhB/c0GUsH+y39UfCi3dzz8OlQuPmnaJOMoDHQBA==,
      }
    dependencies:
      queue-microtask: 1.2.3
    dev: true

  /s.color/0.0.15:
    resolution:
      {
        integrity: sha512-AUNrbEUHeKY8XsYr/DYpl+qk5+aM+DChopnWOPEzn8YKzOhv4l2zH6LzZms3tOZP3wwdOyc0RmTciyi46HLIuA==,
      }
    dev: true

  /sade/1.8.1:
    resolution:
      {
        integrity: sha512-xal3CZX1Xlo/k4ApwCFrHVACi9fBqJ7V+mwhBsuf/1IOKbBy098Fex+Wa/5QMubw09pSZ/u8EY8PWgevJsXp1A==,
      }
    engines: { node: ">=6" }
    dependencies:
      mri: 1.2.0
    dev: true

  /sass-formatter/0.7.5:
    resolution:
      {
        integrity: sha512-NKFP8ddjhUYi6A/iD1cEtzkEs91U61kzqe3lY9SVNuvX7LGc88xnEN0mmsWL7Ol//YTi2GL/ol7b9XZ2+hgXuA==,
      }
    dependencies:
      suf-log: 2.5.3
    dev: true

  /shebang-command/2.0.0:
    resolution:
      {
        integrity: sha512-kHxr2zZpYtdmrN1qDjrrX/Z1rR1kG8Dx+gkpK1G4eXmvXswmcE1hTWBWYUzlraYw1/yZp6YuDY77YtvbN0dmDA==,
      }
    engines: { node: ">=8" }
    dependencies:
      shebang-regex: 3.0.0
    dev: true

  /shebang-regex/3.0.0:
    resolution:
      {
        integrity: sha512-7++dFhtcx3353uBaq8DDR4NuxBetBzC7ZQOhmTQInHEd6bSrXdiEyzCvG07Z44UYdLShWUyXt5M/yhz8ekcb1A==,
      }
    engines: { node: ">=8" }
    dev: true

  /slash/3.0.0:
    resolution:
      {
        integrity: sha512-g9Q1haeby36OSStwb4ntCGGGaKsaVSjQ68fBxoQcutl5fS1vuY18H3wSt3jFyFtrkx+Kz0V1G85A4MyAdDMi2Q==,
      }
    engines: { node: ">=8" }
    dev: true

  /sort-object-keys/1.1.3:
    resolution:
      {
        integrity: sha512-855pvK+VkU7PaKYPc+Jjnmt4EzejQHyhhF33q31qG8x7maDzkeFhAAThdCYay11CISO+qAMwjOBP+fPZe0IPyg==,
      }
    dev: true

  /sort-package-json/1.57.0:
    resolution:
      {
        integrity: sha512-FYsjYn2dHTRb41wqnv+uEqCUvBpK3jZcTp9rbz2qDTmel7Pmdtf+i2rLaaPMRZeSVM60V3Se31GyWFpmKs4Q5Q==,
      }
    hasBin: true
    dependencies:
      detect-indent: 6.1.0
      detect-newline: 3.1.0
      git-hooks-list: 1.0.3
      globby: 10.0.0
      is-plain-obj: 2.1.0
      sort-object-keys: 1.1.3
    dev: true

  /suf-log/2.5.3:
    resolution:
      {
        integrity: sha512-KvC8OPjzdNOe+xQ4XWJV2whQA0aM1kGVczMQ8+dStAO6KfEB140JEVQ9dE76ONZ0/Ylf67ni4tILPJB41U0eow==,
      }
    dependencies:
      s.color: 0.0.15
    dev: true

  /synckit/0.7.3:
    resolution:
      {
        integrity: sha512-jNroMv7Juy+mJ/CHW5H6TzsLWpa1qck6sCHbkv8YTur+irSq2PjbvmGnm2gy14BUQ6jF33vyR4DPssHqmqsDQw==,
      }
    engines: { node: ^12.20.0 || ^14.18.0 || >=16.0.0 }
    dependencies:
      "@pkgr/utils": 2.3.1
      tslib: 2.4.0
    dev: true

  /tiny-glob/0.2.9:
    resolution:
      {
        integrity: sha512-g/55ssRPUjShh+xkfx9UPDXqhckHEsHr4Vd9zX55oSdGZc/MD0m3sferOkwWtp98bv+kcVfEHtRJgBVJzelrzg==,
      }
    dependencies:
      globalyzer: 0.1.0
      globrex: 0.1.2
    dev: true

  /to-regex-range/5.0.1:
    resolution:
      {
        integrity: sha512-65P7iz6X5yEr1cwcgvQxbbIw7Uk3gOy5dIdtZ4rDveLqhrdJP+Li/Hx6tyK0NEb+2GCyneCMJiGqrADCSNk8sQ==,
      }
    engines: { node: ">=8.0" }
    dependencies:
      is-number: 7.0.0
    dev: true

  /tslib/2.4.0:
    resolution:
      {
        integrity: sha512-d6xOpEDfsi2CZVlPQzGeux8XMwLT9hssAsaPYExaQMuYskwb+x1x7J371tWlbBdWHroy99KnVB6qIkUbs5X3UQ==,
      }
    dev: true

  /unist-util-stringify-position/3.0.2:
    resolution:
      {
        integrity: sha512-7A6eiDCs9UtjcwZOcCpM4aPII3bAAGv13E96IkawkOAW0OhH+yRxtY0lzo8KiHpzEMfH7Q+FizUmwp8Iqy5EWg==,
      }
    dependencies:
      "@types/unist": 2.0.6
    dev: true

  /uvu/0.5.6:
    resolution:
      {
        integrity: sha512-+g8ENReyr8YsOc6fv/NVJs2vFdHBnBNdfE49rshrTzDWOlUx4Gq7KOS2GD8eqhy2j+Ejq29+SbKH8yjkAqXqoA==,
      }
    engines: { node: ">=8" }
    hasBin: true
    dependencies:
      dequal: 2.0.3
      diff: 5.1.0
      kleur: 4.1.5
      sade: 1.8.1
    dev: true

  /which/2.0.2:
    resolution:
      {
        integrity: sha512-BLI3Tl1TW3Pvl70l3yq3Y64i+awpwXqsGBYWkkqMtnbXgrMD+yj7rhW0kuEDxzJaYXGjEW5ogapKNMEKNMjibA==,
      }
    engines: { node: ">= 8" }
    hasBin: true
    dependencies:
      isexe: 2.0.0
    dev: true

  /wrappy/1.0.2:
    resolution:
      {
        integrity: sha512-l4Sp/DRseor9wL6EvV2+TuQn63dMkPjZ/sp9XkghTEbV9KlPS1xUsZ3u7/IQO4wxtcFB4bgpQPRcR3QCvezPcQ==,
      }
    dev: true

  github.com/aminya/sort-package-json/076051b58be7b198732d1ce2b9a415ccd0c63a97:
    resolution:
      {
        tarball: https://codeload.github.com/aminya/sort-package-json/tar.gz/076051b58be7b198732d1ce2b9a415ccd0c63a97,
      }
    name: sort-package-json
    version: 0.0.0-development
    hasBin: true
    dependencies:
      detect-indent: 6.1.0
      detect-newline: 3.1.0
      git-hooks-list: 1.0.3
      globby: 10.0.0
      is-plain-obj: 2.1.0
      sort-object-keys: 1.1.3
    dev: true
